
Microsoft Visual Studio Solution File, Format Version 12.00
# Visual Studio Version 17
VisualStudioVersion = 17.14.36414.22
MinimumVisualStudioVersion = 10.0.40219.1
Project("{FAE04EC0-301F-11D3-BF4B-00C04F79EFBC}") = "qoh_tool", "qoh_tool\qoh_tool.csproj", "{5453A208-0EEF-4783-B14B-CADA6469DEA5}"
EndProject
Global
	GlobalSection(SolutionConfigurationPlatforms) = preSolution
		Debug|Any CPU = Debug|Any CPU
		Release|Any CPU = Release|Any CPU
	EndGlobalSection
	GlobalSection(ProjectConfigurationPlatforms) = postSolution
		{5453A208-0EEF-4783-B14B-CADA6469DEA5}.Debug|Any CPU.ActiveCfg = Debug|Any CPU
		{5453A208-0EEF-4783-B14B-CADA6469DEA5}.Debug|Any CPU.Build.0 = Debug|Any CPU
		{5453A208-0EEF-4783-B14B-CADA6469DEA5}.Release|Any CPU.ActiveCfg = Release|x86
		{5453A208-0EEF-4783-B14B-CADA6469DEA5}.Release|Any CPU.Build.0 = Release|x86
	EndGlobalSection
	GlobalSection(SolutionProperties) = preSolution
		HideSolutionNode = FALSE
	EndGlobalSection
	GlobalSection(ExtensibilityGlobals) = postSolution
		SolutionGuid = {949E5B26-4E27-42D7-B707-2FC5C616EC41}
	EndGlobalSection
EndGlobal
